// !$*UTF8*$!
{
	archiveVersion = 1;
	classes = {
	};
	objectVersion = 46;
	objects = {

/* Begin PBXBuildFile section */
		E4A716141C3DD0B9002E0171 /* AppDelegate.swift in Sources */ = {isa = PBXBuildFile; fileRef = E4A716131C3DD0B9002E0171 /* AppDelegate.swift */; };
		E4A716161C3DD0B9002E0171 /* ViewController.swift in Sources */ = {isa = PBXBuildFile; fileRef = E4A716151C3DD0B9002E0171 /* ViewController.swift */; };
		E4A716191C3DD0B9002E0171 /* Main.storyboard in Resources */ = {isa = PBXBuildFile; fileRef = E4A716171C3DD0B9002E0171 /* Main.storyboard */; };
		E4A7161B1C3DD0B9002E0171 /* Assets.xcassets in Resources */ = {isa = PBXBuildFile; fileRef = E4A7161A1C3DD0B9002E0171 /* Assets.xcassets */; };
		E4A7161E1C3DD0B9002E0171 /* LaunchScreen.storyboard in Resources */ = {isa = PBXBuildFile; fileRef = E4A7161C1C3DD0B9002E0171 /* LaunchScreen.storyboard */; };
		E4A716291C3DD0B9002E0171 /* sec02_ex01Tests.swift in Sources */ = {isa = PBXBuildFile; fileRef = E4A716281C3DD0B9002E0171 /* sec02_ex01Tests.swift */; };
		E4A716341C3DD0B9002E0171 /* sec02_ex01UITests.swift in Sources */ = {isa = PBXBuildFile; fileRef = E4A716331C3DD0B9002E0171 /* sec02_ex01UITests.swift */; };
/* End PBXBuildFile section */

/* Begin PBXContainerItemProxy section */
		E4A716251C3DD0B9002E0171 /* PBXContainerItemProxy */ = {
			isa = PBXContainerItemProxy;
			containerPortal = E4A716081C3DD0B8002E0171 /* Project object */;
			proxyType = 1;
			remoteGlobalIDString = E4A7160F1C3DD0B9002E0171;
			remoteInfo = sec02_ex01;
		};
		E4A716301C3DD0B9002E0171 /* PBXContainerItemProxy */ = {
			isa = PBXContainerItemProxy;
			containerPortal = E4A716081C3DD0B8002E0171 /* Project object */;
			proxyType = 1;
			remoteGlobalIDString = E4A7160F1C3DD0B9002E0171;
			remoteInfo = sec02_ex01;
		};
/* End PBXContainerItemProxy section */

/* Begin PBXFileReference section */
		E4A716101C3DD0B9002E0171 /* sec02_ex01.app */ = {isa = PBXFileReference; explicitFileType = wrapper.application; includeInIndex = 0; path = sec02_ex01.app; sourceTree = BUILT_PRODUCTS_DIR; };
		E4A716131C3DD0B9002E0171 /* AppDelegate.swift */ = {isa = PBXFileReference; lastKnownFileType = sourcecode.swift; path = AppDelegate.swift; sourceTree = "<group>"; };
		E4A716151C3DD0B9002E0171 /* ViewController.swift */ = {isa = PBXFileReference; lastKnownFileType = sourcecode.swift; path = ViewController.swift; sourceTree = "<group>"; };
		E4A716181C3DD0B9002E0171 /* Base */ = {isa = PBXFileReference; lastKnownFileType = file.storyboard; name = Base; path = Base.lproj/Main.storyboard; sourceTree = "<group>"; };
		E4A7161A1C3DD0B9002E0171 /* Assets.xcassets */ = {isa = PBXFileReference; lastKnownFileType = folder.assetcatalog; path = Assets.xcassets; sourceTree = "<group>"; };
		E4A7161D1C3DD0B9002E0171 /* Base */ = {isa = PBXFileReference; lastKnownFileType = file.storyboard; name = Base; path = Base.lproj/LaunchScreen.storyboard; sourceTree = "<group>"; };
		E4A7161F1C3DD0B9002E0171 /* Info.plist */ = {isa = PBXFileReference; lastKnownFileType = text.plist.xml; path = Info.plist; sourceTree = "<group>"; };
		E4A716241C3DD0B9002E0171 /* sec02_ex01Tests.xctest */ = {isa = PBXFileReference; explicitFileType = wrapper.cfbundle; includeInIndex = 0; path = sec02_ex01Tests.xctest; sourceTree = BUILT_PRODUCTS_DIR; };
		E4A716281C3DD0B9002E0171 /* sec02_ex01Tests.swift */ = {isa = PBXFileReference; lastKnownFileType = sourcecode.swift; path = sec02_ex01Tests.swift; sourceTree = "<group>"; };
		E4A7162A1C3DD0B9002E0171 /* Info.plist */ = {isa = PBXFileReference; lastKnownFileType = text.plist.xml; path = Info.plist; sourceTree = "<group>"; };
		E4A7162F1C3DD0B9002E0171 /* sec02_ex01UITests.xctest */ = {isa = PBXFileReference; explicitFileType = wrapper.cfbundle; includeInIndex = 0; path = sec02_ex01UITests.xctest; sourceTree = BUILT_PRODUCTS_DIR; };
		E4A716331C3DD0B9002E0171 /* sec02_ex01UITests.swift */ = {isa = PBXFileReference; lastKnownFileType = sourcecode.swift; path = sec02_ex01UITests.swift; sourceTree = "<group>"; };
		E4A716351C3DD0B9002E0171 /* Info.plist */ = {isa = PBXFileReference; lastKnownFileType = text.plist.xml; path = Info.plist; sourceTree = "<group>"; };
/* End PBXFileReference section */

/* Begin PBXFrameworksBuildPhase section */
		E4A7160D1C3DD0B9002E0171 /* Frameworks */ = {
			isa = PBXFrameworksBuildPhase;
			buildActionMask = 2147483647;
			files = (
			);
			runOnlyForDeploymentPostprocessing = 0;
		};
		E4A716211C3DD0B9002E0171 /* Frameworks */ = {
			isa = PBXFrameworksBuildPhase;
			buildActionMask = 2147483647;
			files = (
			);
			runOnlyForDeploymentPostprocessing = 0;
		};
		E4A7162C1C3DD0B9002E0171 /* Frameworks */ = {
			isa = PBXFrameworksBuildPhase;
			buildActionMask = 2147483647;
			files = (
			);
			runOnlyForDeploymentPostprocessing = 0;
		};
/* End PBXFrameworksBuildPhase section */

/* Begin PBXGroup section */
		E4A716071C3DD0B8002E0171 = {
			isa = PBXGroup;
			children = (
				E4A716121C3DD0B9002E0171 /* sec02_ex01 */,
				E4A716271C3DD0B9002E0171 /* sec02_ex01Tests */,
				E4A716321C3DD0B9002E0171 /* sec02_ex01UITests */,
				E4A716111C3DD0B9002E0171 /* Products */,
			);
			sourceTree = "<group>";
		};
		E4A716111C3DD0B9002E0171 /* Products */ = {
			isa = PBXGroup;
			children = (
				E4A716101C3DD0B9002E0171 /* sec02_ex01.app */,
				E4A716241C3DD0B9002E0171 /* sec02_ex01Tests.xctest */,
				E4A7162F1C3DD0B9002E0171 /* sec02_ex01UITests.xctest */,
			);
			name = Products;
			sourceTree = "<group>";
		};
		E4A716121C3DD0B9002E0171 /* sec02_ex01 */ = {
			isa = PBXGroup;
			children = (
				E4A716131C3DD0B9002E0171 /* AppDelegate.swift */,
				E4A716151C3DD0B9002E0171 /* ViewController.swift */,
				E4A716171C3DD0B9002E0171 /* Main.storyboard */,
				E4A7161A1C3DD0B9002E0171 /* Assets.xcassets */,
				E4A7161C1C3DD0B9002E0171 /* LaunchScreen.storyboard */,
				E4A7161F1C3DD0B9002E0171 /* Info.plist */,
			);
			path = sec02_ex01;
			sourceTree = "<group>";
		};
		E4A716271C3DD0B9002E0171 /* sec02_ex01Tests */ = {
			isa = PBXGroup;
			children = (
				E4A716281C3DD0B9002E0171 /* sec02_ex01Tests.swift */,
				E4A7162A1C3DD0B9002E0171 /* Info.plist */,
			);
			path = sec02_ex01Tests;
			sourceTree = "<group>";
		};
		E4A716321C3DD0B9002E0171 /* sec02_ex01UITests */ = {
			isa = PBXGroup;
			children = (
				E4A716331C3DD0B9002E0171 /* sec02_ex01UITests.swift */,
				E4A716351C3DD0B9002E0171 /* Info.plist */,
			);
			path = sec02_ex01UITests;
			sourceTree = "<group>";
		};
/* End PBXGroup section */

/* Begin PBXNativeTarget section */
		E4A7160F1C3DD0B9002E0171 /* sec02_ex01 */ = {
			isa = PBXNativeTarget;
			buildConfigurationList = E4A716381C3DD0B9002E0171 /* Build configuration list for PBXNativeTarget "sec02_ex01" */;
			buildPhases = (
				E4A7160C1C3DD0B9002E0171 /* Sources */,
				E4A7160D1C3DD0B9002E0171 /* Frameworks */,
				E4A7160E1C3DD0B9002E0171 /* Resources */,
			);
			buildRules = (
			);
			dependencies = (
			);
			name = sec02_ex01;
			productName = sec02_ex01;
			productReference = E4A716101C3DD0B9002E0171 /* sec02_ex01.app */;
			productType = "com.apple.product-type.application";
		};
		E4A716231C3DD0B9002E0171 /* sec02_ex01Tests */ = {
			isa = PBXNativeTarget;
			buildConfigurationList = E4A7163B1C3DD0B9002E0171 /* Build configuration list for PBXNativeTarget "sec02_ex01Tests" */;
			buildPhases = (
				E4A716201C3DD0B9002E0171 /* Sources */,
				E4A716211C3DD0B9002E0171 /* Frameworks */,
				E4A716221C3DD0B9002E0171 /* Resources */,
			);
			buildRules = (
			);
			dependencies = (
				E4A716261C3DD0B9002E0171 /* PBXTargetDependency */,
			);
			name = sec02_ex01Tests;
			productName = sec02_ex01Tests;
			productReference = E4A716241C3DD0B9002E0171 /* sec02_ex01Tests.xctest */;
			productType = "com.apple.product-type.bundle.unit-test";
		};
		E4A7162E1C3DD0B9002E0171 /* sec02_ex01UITests */ = {
			isa = PBXNativeTarget;
			buildConfigurationList = E4A7163E1C3DD0B9002E0171 /* Build configuration list for PBXNativeTarget "sec02_ex01UITests" */;
			buildPhases = (
				E4A7162B1C3DD0B9002E0171 /* Sources */,
				E4A7162C1C3DD0B9002E0171 /* Frameworks */,
				E4A7162D1C3DD0B9002E0171 /* Resources */,
			);
			buildRules = (
			);
			dependencies = (
				E4A716311C3DD0B9002E0171 /* PBXTargetDependency */,
			);
			name = sec02_ex01UITests;
			productName = sec02_ex01UITests;
			productReference = E4A7162F1C3DD0B9002E0171 /* sec02_ex01UITests.xctest */;
			productType = "com.apple.product-type.bundle.ui-testing";
		};
/* End PBXNativeTarget section */

/* Begin PBXProject section */
		E4A716081C3DD0B8002E0171 /* Project object */ = {
			isa = PBXProject;
			attributes = {
				LastSwiftUpdateCheck = 0720;
				LastUpgradeCheck = 0720;
				ORGANIZATIONNAME = serge;
				TargetAttributes = {
					E4A7160F1C3DD0B9002E0171 = {
						CreatedOnToolsVersion = 7.2;
					};
					E4A716231C3DD0B9002E0171 = {
						CreatedOnToolsVersion = 7.2;
						TestTargetID = E4A7160F1C3DD0B9002E0171;
					};
					E4A7162E1C3DD0B9002E0171 = {
						CreatedOnToolsVersion = 7.2;
						TestTargetID = E4A7160F1C3DD0B9002E0171;
					};
				};
			};
			buildConfigurationList = E4A7160B1C3DD0B9002E0171 /* Build configuration list for PBXProject "sec02_ex01" */;
			compatibilityVersion = "Xcode 3.2";
			developmentRegion = English;
			hasScannedForEncodings = 0;
			knownRegions = (
				en,
				Base,
			);
			mainGroup = E4A716071C3DD0B8002E0171;
			productRefGroup = E4A716111C3DD0B9002E0171 /* Products */;
			projectDirPath = "";
			projectRoot = "";
			targets = (
				E4A7160F1C3DD0B9002E0171 /* sec02_ex01 */,
				E4A716231C3DD0B9002E0171 /* sec02_ex01Tests */,
				E4A7162E1C3DD0B9002E0171 /* sec02_ex01UITests */,
			);
		};
/* End PBXProject section */

/* Begin PBXResourcesBuildPhase section */
		E4A7160E1C3DD0B9002E0171 /* Resources */ = {
			isa = PBXResourcesBuildPhase;
			buildActionMask = 2147483647;
			files = (
				E4A7161E1C3DD0B9002E0171 /* LaunchScreen.storyboard in Resources */,
				E4A7161B1C3DD0B9002E0171 /* Assets.xcassets in Resources */,
				E4A716191C3DD0B9002E0171 /* Main.storyboard in Resources */,
			);
			runOnlyForDeploymentPostprocessing = 0;
		};
		E4A716221C3DD0B9002E0171 /* Resources */ = {
			isa = PBXResourcesBuildPhase;
			buildActionMask = 2147483647;
			files = (
			);
			runOnlyForDeploymentPostprocessing = 0;
		};
		E4A7162D1C3DD0B9002E0171 /* Resources */ = {
			isa = PBXResourcesBuildPhase;
			buildActionMask = 2147483647;
			files = (
			);
			runOnlyForDeploymentPostprocessing = 0;
		};
/* End PBXResourcesBuildPhase section */

/* Begin PBXSourcesBuildPhase section */
		E4A7160C1C3DD0B9002E0171 /* Sources */ = {
			isa = PBXSourcesBuildPhase;
			buildActionMask = 2147483647;
			files = (
				E4A716161C3DD0B9002E0171 /* ViewController.swift in Sources */,
				E4A716141C3DD0B9002E0171 /* AppDelegate.swift in Sources */,
			);
			runOnlyForDeploymentPostprocessing = 0;
		};
		E4A716201C3DD0B9002E0171 /* Sources */ = {
			isa = PBXSourcesBuildPhase;
			buildActionMask = 2147483647;
			files = (
				E4A716291C3DD0B9002E0171 /* sec02_ex01Tests.swift in Sources */,
			);
			runOnlyForDeploymentPostprocessing = 0;
		};
		E4A7162B1C3DD0B9002E0171 /* Sources */ = {
			isa = PBXSourcesBuildPhase;
			buildActionMask = 2147483647;
			files = (
				E4A716341C3DD0B9002E0171 /* sec02_ex01UITests.swift in Sources */,
			);
			runOnlyForDeploymentPostprocessing = 0;
		};
/* End PBXSourcesBuildPhase section */

/* Begin PBXTargetDependency section */
		E4A716261C3DD0B9002E0171 /* PBXTargetDependency */ = {
			isa = PBXTargetDependency;
			target = E4A7160F1C3DD0B9002E0171 /* sec02_ex01 */;
			targetProxy = E4A716251C3DD0B9002E0171 /* PBXContainerItemProxy */;
		};
		E4A716311C3DD0B9002E0171 /* PBXTargetDependency */ = {
			isa = PBXTargetDependency;
			target = E4A7160F1C3DD0B9002E0171 /* sec02_ex01 */;
			targetProxy = E4A716301C3DD0B9002E0171 /* PBXContainerItemProxy */;
		};
/* End PBXTargetDependency section */

/* Begin PBXVariantGroup section */
		E4A716171C3DD0B9002E0171 /* Main.storyboard */ = {
			isa = PBXVariantGroup;
			children = (
				E4A716181C3DD0B9002E0171 /* Base */,
			);
			name = Main.storyboard;
			sourceTree = "<group>";
		};
		E4A7161C1C3DD0B9002E0171 /* LaunchScreen.storyboard */ = {
			isa = PBXVariantGroup;
			children = (
				E4A7161D1C3DD0B9002E0171 /* Base */,
			);
			name = LaunchScreen.storyboard;
			sourceTree = "<group>";
		};
/* End PBXVariantGroup section */

/* Begin XCBuildConfiguration section */
		E4A716361C3DD0B9002E0171 /* Debug */ = {
			isa = XCBuildConfiguration;
			buildSettings = {
				ALWAYS_SEARCH_USER_PATHS = NO;
				CLANG_CXX_LANGUAGE_STANDARD = "gnu++0x";
				CLANG_CXX_LIBRARY = "libc++";
				CLANG_ENABLE_MODULES = YES;
				CLANG_ENABLE_OBJC_ARC = YES;
				CLANG_WARN_BOOL_CONVERSION = YES;
				CLANG_WARN_CONSTANT_CONVERSION = YES;
				CLANG_WARN_DIRECT_OBJC_ISA_USAGE = YES_ERROR;
				CLANG_WARN_EMPTY_BODY = YES;
				CLANG_WARN_ENUM_CONVERSION = YES;
				CLANG_WARN_INT_CONVERSION = YES;
				CLANG_WARN_OBJC_ROOT_CLASS = YES_ERROR;
				CLANG_WARN_UNREACHABLE_CODE = YES;
				CLANG_WARN__DUPLICATE_METHOD_MATCH = YES;
				"CODE_SIGN_IDENTITY[sdk=iphoneos*]" = "iPhone Developer";
				COPY_PHASE_STRIP = NO;
				DEBUG_INFORMATION_FORMAT = dwarf;
				ENABLE_STRICT_OBJC_MSGSEND = YES;
				ENABLE_TESTABILITY = YES;
				GCC_C_LANGUAGE_STANDARD = gnu99;
				GCC_DYNAMIC_NO_PIC = NO;
				GCC_NO_COMMON_BLOCKS = YES;
				GCC_OPTIMIZATION_LEVEL = 0;
				GCC_PREPROCESSOR_DEFINITIONS = (
					"DEBUG=1",
					"$(inherited)",
				);
				GCC_WARN_64_TO_32_BIT_CONVERSION = YES;
				GCC_WARN_ABOUT_RETURN_TYPE = YES_ERROR;
				GCC_WARN_UNDECLARED_SELECTOR = YES;
				GCC_WARN_UNINITIALIZED_AUTOS = YES_AGGRESSIVE;
				GCC_WARN_UNUSED_FUNCTION = YES;
				GCC_WARN_UNUSED_VARIABLE = YES;
				IPHONEOS_DEPLOYMENT_TARGET = 9.2;
				MTL_ENABLE_DEBUG_INFO = YES;
				ONLY_ACTIVE_ARCH = YES;
				SDKROOT = iphoneos;
				SWIFT_OPTIMIZATION_LEVEL = "-Onone";
			};
			name = Debug;
		};
		E4A716371C3DD0B9002E0171 /* Release */ = {
			isa = XCBuildConfiguration;
			buildSettings = {
				ALWAYS_SEARCH_USER_PATHS = NO;
				CLANG_CXX_LANGUAGE_STANDARD = "gnu++0x";
				CLANG_CXX_LIBRARY = "libc++";
				CLANG_ENABLE_MODULES = YES;
				CLANG_ENABLE_OBJC_ARC = YES;
				CLANG_WARN_BOOL_CONVERSION = YES;
				CLANG_WARN_CONSTANT_CONVERSION = YES;
				CLANG_WARN_DIRECT_OBJC_ISA_USAGE = YES_ERROR;
				CLANG_WARN_EMPTY_BODY = YES;
				CLANG_WARN_ENUM_CONVERSION = YES;
				CLANG_WARN_INT_CONVERSION = YES;
				CLANG_WARN_OBJC_ROOT_CLASS = YES_ERROR;
				CLANG_WARN_UNREACHABLE_CODE = YES;
				CLANG_WARN__DUPLICATE_METHOD_MATCH = YES;
				"CODE_SIGN_IDENTITY[sdk=iphoneos*]" = "iPhone Developer";
				COPY_PHASE_STRIP = NO;
				DEBUG_INFORMATION_FORMAT = "dwarf-with-dsym";
				ENABLE_NS_ASSERTIONS = NO;
				ENABLE_STRICT_OBJC_MSGSEND = YES;
				GCC_C_LANGUAGE_STANDARD = gnu99;
				GCC_NO_COMMON_BLOCKS = YES;
				GCC_WARN_64_TO_32_BIT_CONVERSION = YES;
				GCC_WARN_ABOUT_RETURN_TYPE = YES_ERROR;
				GCC_WARN_UNDECLARED_SELECTOR = YES;
				GCC_WARN_UNINITIALIZED_AUTOS = YES_AGGRESSIVE;
				GCC_WARN_UNUSED_FUNCTION = YES;
				GCC_WARN_UNUSED_VARIABLE = YES;
				IPHONEOS_DEPLOYMENT_TARGET = 9.2;
				MTL_ENABLE_DEBUG_INFO = NO;
				SDKROOT = iphoneos;
				VALIDATE_PRODUCT = YES;
			};
			name = Release;
		};
		E4A716391C3DD0B9002E0171 /* Debug */ = {
			isa = XCBuildConfiguration;
			buildSettings = {
				ASSETCATALOG_COMPILER_APPICON_NAME = AppIcon;
				INFOPLIST_FILE = sec02_ex01/Info.plist;
				LD_RUNPATH_SEARCH_PATHS = "$(inherited) @executable_path/Frameworks";
				PRODUCT_BUNDLE_IDENTIFIER = "serge.sec02-ex01";
				PRODUCT_NAME = "$(TARGET_NAME)";
			};
			name = Debug;
		};
		E4A7163A1C3DD0B9002E0171 /* Release */ = {
			isa = XCBuildConfiguration;
			buildSettings = {
				ASSETCATALOG_COMPILER_APPICON_NAME = AppIcon;
				INFOPLIST_FILE = sec02_ex01/Info.plist;
				LD_RUNPATH_SEARCH_PATHS = "$(inherited) @executable_path/Frameworks";
				PRODUCT_BUNDLE_IDENTIFIER = "serge.sec02-ex01";
				PRODUCT_NAME = "$(TARGET_NAME)";
			};
			name = Release;
		};
		E4A7163C1C3DD0B9002E0171 /* Debug */ = {
			isa = XCBuildConfiguration;
			buildSettings = {
				BUNDLE_LOADER = "$(TEST_HOST)";
				INFOPLIST_FILE = sec02_ex01Tests/Info.plist;
				LD_RUNPATH_SEARCH_PATHS = "$(inherited) @executable_path/Frameworks @loader_path/Frameworks";
				PRODUCT_BUNDLE_IDENTIFIER = "serge.sec02-ex01Tests";
				PRODUCT_NAME = "$(TARGET_NAME)";
				TEST_HOST = "$(BUILT_PRODUCTS_DIR)/sec02_ex01.app/sec02_ex01";
			};
			name = Debug;
		};
		E4A7163D1C3DD0B9002E0171 /* Release */ = {
			isa = XCBuildConfiguration;
			buildSettings = {
				BUNDLE_LOADER = "$(TEST_HOST)";
				INFOPLIST_FILE = sec02_ex01Tests/Info.plist;
				LD_RUNPATH_SEARCH_PATHS = "$(inherited) @executable_path/Frameworks @loader_path/Frameworks";
				PRODUCT_BUNDLE_IDENTIFIER = "serge.sec02-ex01Tests";
				PRODUCT_NAME = "$(TARGET_NAME)";
				TEST_HOST = "$(BUILT_PRODUCTS_DIR)/sec02_ex01.app/sec02_ex01";
			};
			name = Release;
		};
		E4A7163F1C3DD0B9002E0171 /* Debug */ = {
			isa = XCBuildConfiguration;
			buildSettings = {
				INFOPLIST_FILE = sec02_ex01UITests/Info.plist;
				LD_RUNPATH_SEARCH_PATHS = "$(inherited) @executable_path/Frameworks @loader_path/Frameworks";
				PRODUCT_BUNDLE_IDENTIFIER = "serge.sec02-ex01UITests";
				PRODUCT_NAME = "$(TARGET_NAME)";
				TEST_TARGET_NAME = sec02_ex01;
				USES_XCTRUNNER = YES;
			};
			name = Debug;
		};
		E4A716401C3DD0B9002E0171 /* Release */ = {
			isa = XCBuildConfiguration;
			buildSettings = {
				INFOPLIST_FILE = sec02_ex01UITests/Info.plist;
				LD_RUNPATH_SEARCH_PATHS = "$(inherited) @executable_path/Frameworks @loader_path/Frameworks";
				PRODUCT_BUNDLE_IDENTIFIER = "serge.sec02-ex01UITests";
				PRODUCT_NAME = "$(TARGET_NAME)";
				TEST_TARGET_NAME = sec02_ex01;
				USES_XCTRUNNER = YES;
			};
			name = Release;
		};
/* End XCBuildConfiguration section */

/* Begin XCConfigurationList section */
		E4A7160B1C3DD0B9002E0171 /* Build configuration list for PBXProject "sec02_ex01" */ = {
			isa = XCConfigurationList;
			buildConfigurations = (
				E4A716361C3DD0B9002E0171 /* Debug */,
				E4A716371C3DD0B9002E0171 /* Release */,
			);
			defaultConfigurationIsVisible = 0;
			defaultConfigurationName = Release;
		};
		E4A716381C3DD0B9002E0171 /* Build configuration list for PBXNativeTarget "sec02_ex01" */ = {
			isa = XCConfigurationList;
			buildConfigurations = (
				E4A716391C3DD0B9002E0171 /* Debug */,
				E4A7163A1C3DD0B9002E0171 /* Release */,
			);
			defaultConfigurationIsVisible = 0;
		};
		E4A7163B1C3DD0B9002E0171 /* Build configuration list for PBXNativeTarget "sec02_ex01Tests" */ = {
			isa = XCConfigurationList;
			buildConfigurations = (
				E4A7163C1C3DD0B9002E0171 /* Debug */,
				E4A7163D1C3DD0B9002E0171 /* Release */,
			);
			defaultConfigurationIsVisible = 0;
		};
		E4A7163E1C3DD0B9002E0171 /* Build configuration list for PBXNativeTarget "sec02_ex01UITests" */ = {
			isa = XCConfigurationList;
			buildConfigurations = (
				E4A7163F1C3DD0B9002E0171 /* Debug */,
				E4A716401C3DD0B9002E0171 /* Release */,
			);
			defaultConfigurationIsVisible = 0;
		};
/* End XCConfigurationList section */
	};
	rootObject = E4A716081C3DD0B8002E0171 /* Project object */;
}
